// !$*UTF8*$!
{
	archiveVersion = 1;
	classes = {
	};
	objectVersion = 56;
	objects = {

/* Begin PBXBuildFile section */
		6562400A2B60103F0021F12E /* AppDelegate.swift in Sources */ = {isa = PBXBuildFile; fileRef = 656240092B60103F0021F12E /* AppDelegate.swift */; };
		6562400C2B60103F0021F12E /* SceneDelegate.swift in Sources */ = {isa = PBXBuildFile; fileRef = 6562400B2B60103F0021F12E /* SceneDelegate.swift */; };
		6562400E2B60103F0021F12E /* MainTabBarController.swift in Sources */ = {isa = PBXBuildFile; fileRef = 6562400D2B60103F0021F12E /* MainTabBarController.swift */; };
		656240132B6010400021F12E /* Assets.xcassets in Resources */ = {isa = PBXBuildFile; fileRef = 656240122B6010400021F12E /* Assets.xcassets */; };
		656240162B6010400021F12E /* LaunchScreen.storyboard in Resources */ = {isa = PBXBuildFile; fileRef = 656240142B6010400021F12E /* LaunchScreen.storyboard */; };
		6562401E2B6013290021F12E /* CoinsViewController.swift in Sources */ = {isa = PBXBuildFile; fileRef = 6562401D2B6013290021F12E /* CoinsViewController.swift */; };
		656240202B6013800021F12E /* ExchangesViewController.swift in Sources */ = {isa = PBXBuildFile; fileRef = 6562401F2B6013800021F12E /* ExchangesViewController.swift */; };
		656240222B6013920021F12E /* NewsViewController.swift in Sources */ = {isa = PBXBuildFile; fileRef = 656240212B6013920021F12E /* NewsViewController.swift */; };
		656240242B6013A50021F12E /* CurrenciesViewController.swift in Sources */ = {isa = PBXBuildFile; fileRef = 656240232B6013A50021F12E /* CurrenciesViewController.swift */; };
		656240262B602C7F0021F12E /* CoinsModel.swift in Sources */ = {isa = PBXBuildFile; fileRef = 656240252B602C7F0021F12E /* CoinsModel.swift */; };
		6562402A2B6030200021F12E /* NetworkManager.swift in Sources */ = {isa = PBXBuildFile; fileRef = 656240292B6030200021F12E /* NetworkManager.swift */; };
		6562402C2B6035DC0021F12E /* CoinViewCell.swift in Sources */ = {isa = PBXBuildFile; fileRef = 6562402B2B6035DC0021F12E /* CoinViewCell.swift */; };
		65D5E9C72B62BC8A0074DD54 /* ExchangesModel.swift in Sources */ = {isa = PBXBuildFile; fileRef = 65D5E9C62B62BC8A0074DD54 /* ExchangesModel.swift */; };
/* End PBXBuildFile section */

/* Begin PBXFileReference section */
		656240062B60103F0021F12E /* CoinsApp.app */ = {isa = PBXFileReference; explicitFileType = wrapper.application; includeInIndex = 0; path = CoinsApp.app; sourceTree = BUILT_PRODUCTS_DIR; };
		656240092B60103F0021F12E /* AppDelegate.swift */ = {isa = PBXFileReference; lastKnownFileType = sourcecode.swift; path = AppDelegate.swift; sourceTree = "<group>"; };
		6562400B2B60103F0021F12E /* SceneDelegate.swift */ = {isa = PBXFileReference; lastKnownFileType = sourcecode.swift; path = SceneDelegate.swift; sourceTree = "<group>"; };
		6562400D2B60103F0021F12E /* MainTabBarController.swift */ = {isa = PBXFileReference; lastKnownFileType = sourcecode.swift; path = MainTabBarController.swift; sourceTree = "<group>"; };
		656240122B6010400021F12E /* Assets.xcassets */ = {isa = PBXFileReference; lastKnownFileType = folder.assetcatalog; path = Assets.xcassets; sourceTree = "<group>"; };
		656240152B6010400021F12E /* Base */ = {isa = PBXFileReference; lastKnownFileType = file.storyboard; name = Base; path = Base.lproj/LaunchScreen.storyboard; sourceTree = "<group>"; };
		656240172B6010400021F12E /* Info.plist */ = {isa = PBXFileReference; lastKnownFileType = text.plist.xml; path = Info.plist; sourceTree = "<group>"; };
		6562401D2B6013290021F12E /* CoinsViewController.swift */ = {isa = PBXFileReference; lastKnownFileType = sourcecode.swift; path = CoinsViewController.swift; sourceTree = "<group>"; };
		6562401F2B6013800021F12E /* ExchangesViewController.swift */ = {isa = PBXFileReference; lastKnownFileType = sourcecode.swift; path = ExchangesViewController.swift; sourceTree = "<group>"; };
		656240212B6013920021F12E /* NewsViewController.swift */ = {isa = PBXFileReference; lastKnownFileType = sourcecode.swift; path = NewsViewController.swift; sourceTree = "<group>"; };
		656240232B6013A50021F12E /* CurrenciesViewController.swift */ = {isa = PBXFileReference; lastKnownFileType = sourcecode.swift; path = CurrenciesViewController.swift; sourceTree = "<group>"; };
		656240252B602C7F0021F12E /* CoinsModel.swift */ = {isa = PBXFileReference; lastKnownFileType = sourcecode.swift; path = CoinsModel.swift; sourceTree = "<group>"; };
		656240292B6030200021F12E /* NetworkManager.swift */ = {isa = PBXFileReference; lastKnownFileType = sourcecode.swift; path = NetworkManager.swift; sourceTree = "<group>"; };
		6562402B2B6035DC0021F12E /* CoinViewCell.swift */ = {isa = PBXFileReference; lastKnownFileType = sourcecode.swift; path = CoinViewCell.swift; sourceTree = "<group>"; };
		65D5E9C62B62BC8A0074DD54 /* ExchangesModel.swift */ = {isa = PBXFileReference; lastKnownFileType = sourcecode.swift; path = ExchangesModel.swift; sourceTree = "<group>"; };
/* End PBXFileReference section */

/* Begin PBXFrameworksBuildPhase section */
		656240032B60103F0021F12E /* Frameworks */ = {
			isa = PBXFrameworksBuildPhase;
			buildActionMask = 2147483647;
			files = (
			);
			runOnlyForDeploymentPostprocessing = 0;
		};
/* End PBXFrameworksBuildPhase section */

/* Begin PBXGroup section */
		65623FFD2B60103F0021F12E = {
			isa = PBXGroup;
			children = (
				656240082B60103F0021F12E /* CoinsApp */,
				656240072B60103F0021F12E /* Products */,
			);
			sourceTree = "<group>";
		};
		656240072B60103F0021F12E /* Products */ = {
			isa = PBXGroup;
			children = (
				656240062B60103F0021F12E /* CoinsApp.app */,
			);
			name = Products;
			sourceTree = "<group>";
		};
		656240082B60103F0021F12E /* CoinsApp */ = {
			isa = PBXGroup;
			children = (
				656240092B60103F0021F12E /* AppDelegate.swift */,
				6562400B2B60103F0021F12E /* SceneDelegate.swift */,
				6562400D2B60103F0021F12E /* MainTabBarController.swift */,
				6562401D2B6013290021F12E /* CoinsViewController.swift */,
				6562402B2B6035DC0021F12E /* CoinViewCell.swift */,
				6562401F2B6013800021F12E /* ExchangesViewController.swift */,
				656240212B6013920021F12E /* NewsViewController.swift */,
				656240232B6013A50021F12E /* CurrenciesViewController.swift */,
				65D5E9C82B62C58B0074DD54 /* Models */,
				656240292B6030200021F12E /* NetworkManager.swift */,
				656240122B6010400021F12E /* Assets.xcassets */,
				656240142B6010400021F12E /* LaunchScreen.storyboard */,
				656240172B6010400021F12E /* Info.plist */,
			);
			path = CoinsApp;
			sourceTree = "<group>";
		};
		65D5E9C82B62C58B0074DD54 /* Models */ = {
			isa = PBXGroup;
			children = (
				656240252B602C7F0021F12E /* CoinsModel.swift */,
				65D5E9C62B62BC8A0074DD54 /* ExchangesModel.swift */,
			);
			path = Models;
			sourceTree = "<group>";
		};
/* End PBXGroup section */

/* Begin PBXNativeTarget section */
		656240052B60103F0021F12E /* CoinsApp */ = {
			isa = PBXNativeTarget;
			buildConfigurationList = 6562401A2B6010400021F12E /* Build configuration list for PBXNativeTarget "CoinsApp" */;
			buildPhases = (
				656240022B60103F0021F12E /* Sources */,
				656240032B60103F0021F12E /* Frameworks */,
				656240042B60103F0021F12E /* Resources */,
			);
			buildRules = (
			);
			dependencies = (
			);
			name = CoinsApp;
			productName = CoinsApp;
			productReference = 656240062B60103F0021F12E /* CoinsApp.app */;
			productType = "com.apple.product-type.application";
		};
/* End PBXNativeTarget section */

/* Begin PBXProject section */
		65623FFE2B60103F0021F12E /* Project object */ = {
			isa = PBXProject;
			attributes = {
				BuildIndependentTargetsInParallel = 1;
				LastSwiftUpdateCheck = 1520;
				LastUpgradeCheck = 1520;
				TargetAttributes = {
					656240052B60103F0021F12E = {
						CreatedOnToolsVersion = 15.2;
					};
				};
			};
			buildConfigurationList = 656240012B60103F0021F12E /* Build configuration list for PBXProject "CoinsApp" */;
			compatibilityVersion = "Xcode 14.0";
			developmentRegion = en;
			hasScannedForEncodings = 0;
			knownRegions = (
				en,
				Base,
			);
			mainGroup = 65623FFD2B60103F0021F12E;
			productRefGroup = 656240072B60103F0021F12E /* Products */;
			projectDirPath = "";
			projectRoot = "";
			targets = (
				656240052B60103F0021F12E /* CoinsApp */,
			);
		};
/* End PBXProject section */

/* Begin PBXResourcesBuildPhase section */
		656240042B60103F0021F12E /* Resources */ = {
			isa = PBXResourcesBuildPhase;
			buildActionMask = 2147483647;
			files = (
				656240162B6010400021F12E /* LaunchScreen.storyboard in Resources */,
				656240132B6010400021F12E /* Assets.xcassets in Resources */,
			);
			runOnlyForDeploymentPostprocessing = 0;
		};
/* End PBXResourcesBuildPhase section */

/* Begin PBXSourcesBuildPhase section */
		656240022B60103F0021F12E /* Sources */ = {
			isa = PBXSourcesBuildPhase;
			buildActionMask = 2147483647;
			files = (
				6562402A2B6030200021F12E /* NetworkManager.swift in Sources */,
				656240262B602C7F0021F12E /* CoinsModel.swift in Sources */,
				656240202B6013800021F12E /* ExchangesViewController.swift in Sources */,
				6562400E2B60103F0021F12E /* MainTabBarController.swift in Sources */,
				6562400A2B60103F0021F12E /* AppDelegate.swift in Sources */,
				6562402C2B6035DC0021F12E /* CoinViewCell.swift in Sources */,
				656240242B6013A50021F12E /* CurrenciesViewController.swift in Sources */,
				656240222B6013920021F12E /* NewsViewController.swift in Sources */,
				65D5E9C72B62BC8A0074DD54 /* ExchangesModel.swift in Sources */,
				6562400C2B60103F0021F12E /* SceneDelegate.swift in Sources */,
				6562401E2B6013290021F12E /* CoinsViewController.swift in Sources */,
			);
			runOnlyForDeploymentPostprocessing = 0;
		};
/* End PBXSourcesBuildPhase section */

/* Begin PBXVariantGroup section */
		656240142B6010400021F12E /* LaunchScreen.storyboard */ = {
			isa = PBXVariantGroup;
			children = (
				656240152B6010400021F12E /* Base */,
			);
			name = LaunchScreen.storyboard;
			sourceTree = "<group>";
		};
/* End PBXVariantGroup section */

/* Begin XCBuildConfiguration section */
		656240182B6010400021F12E /* Debug */ = {
			isa = XCBuildConfiguration;
			buildSettings = {
				ALWAYS_SEARCH_USER_PATHS = NO;
				ASSETCATALOG_COMPILER_GENERATE_SWIFT_ASSET_SYMBOL_EXTENSIONS = YES;
				CLANG_ANALYZER_NONNULL = YES;
				CLANG_ANALYZER_NUMBER_OBJECT_CONVERSION = YES_AGGRESSIVE;
				CLANG_CXX_LANGUAGE_STANDARD = "gnu++20";
				CLANG_ENABLE_MODULES = YES;
				CLANG_ENABLE_OBJC_ARC = YES;
				CLANG_ENABLE_OBJC_WEAK = YES;
				CLANG_WARN_BLOCK_CAPTURE_AUTORELEASING = YES;
				CLANG_WARN_BOOL_CONVERSION = YES;
				CLANG_WARN_COMMA = YES;
				CLANG_WARN_CONSTANT_CONVERSION = YES;
				CLANG_WARN_DEPRECATED_OBJC_IMPLEMENTATIONS = YES;
				CLANG_WARN_DIRECT_OBJC_ISA_USAGE = YES_ERROR;
				CLANG_WARN_DOCUMENTATION_COMMENTS = YES;
				CLANG_WARN_EMPTY_BODY = YES;
				CLANG_WARN_ENUM_CONVERSION = YES;
				CLANG_WARN_INFINITE_RECURSION = YES;
				CLANG_WARN_INT_CONVERSION = YES;
				CLANG_WARN_NON_LITERAL_NULL_CONVERSION = YES;
				CLANG_WARN_OBJC_IMPLICIT_RETAIN_SELF = YES;
				CLANG_WARN_OBJC_LITERAL_CONVERSION = YES;
				CLANG_WARN_OBJC_ROOT_CLASS = YES_ERROR;
				CLANG_WARN_QUOTED_INCLUDE_IN_FRAMEWORK_HEADER = YES;
				CLANG_WARN_RANGE_LOOP_ANALYSIS = YES;
				CLANG_WARN_STRICT_PROTOTYPES = YES;
				CLANG_WARN_SUSPICIOUS_MOVE = YES;
				CLANG_WARN_UNGUARDED_AVAILABILITY = YES_AGGRESSIVE;
				CLANG_WARN_UNREACHABLE_CODE = YES;
				CLANG_WARN__DUPLICATE_METHOD_MATCH = YES;
				COPY_PHASE_STRIP = NO;
				DEBUG_INFORMATION_FORMAT = dwarf;
				ENABLE_STRICT_OBJC_MSGSEND = YES;
				ENABLE_TESTABILITY = YES;
				ENABLE_USER_SCRIPT_SANDBOXING = YES;
				GCC_C_LANGUAGE_STANDARD = gnu17;
				GCC_DYNAMIC_NO_PIC = NO;
				GCC_NO_COMMON_BLOCKS = YES;
				GCC_OPTIMIZATION_LEVEL = 0;
				GCC_PREPROCESSOR_DEFINITIONS = (
					"DEBUG=1",
					"$(inherited)",
				);
				GCC_WARN_64_TO_32_BIT_CONVERSION = YES;
				GCC_WARN_ABOUT_RETURN_TYPE = YES_ERROR;
				GCC_WARN_UNDECLARED_SELECTOR = YES;
				GCC_WARN_UNINITIALIZED_AUTOS = YES_AGGRESSIVE;
				GCC_WARN_UNUSED_FUNCTION = YES;
				GCC_WARN_UNUSED_VARIABLE = YES;
				IPHONEOS_DEPLOYMENT_TARGET = 17.2;
				LOCALIZATION_PREFERS_STRING_CATALOGS = YES;
				MTL_ENABLE_DEBUG_INFO = INCLUDE_SOURCE;
				MTL_FAST_MATH = YES;
				ONLY_ACTIVE_ARCH = YES;
				SDKROOT = iphoneos;
				SWIFT_ACTIVE_COMPILATION_CONDITIONS = "DEBUG $(inherited)";
				SWIFT_OPTIMIZATION_LEVEL = "-Onone";
			};
			name = Debug;
		};
		656240192B6010400021F12E /* Release */ = {
			isa = XCBuildConfiguration;
			buildSettings = {
				ALWAYS_SEARCH_USER_PATHS = NO;
				ASSETCATALOG_COMPILER_GENERATE_SWIFT_ASSET_SYMBOL_EXTENSIONS = YES;
				CLANG_ANALYZER_NONNULL = YES;
				CLANG_ANALYZER_NUMBER_OBJECT_CONVERSION = YES_AGGRESSIVE;
				CLANG_CXX_LANGUAGE_STANDARD = "gnu++20";
				CLANG_ENABLE_MODULES = YES;
				CLANG_ENABLE_OBJC_ARC = YES;
				CLANG_ENABLE_OBJC_WEAK = YES;
				CLANG_WARN_BLOCK_CAPTURE_AUTORELEASING = YES;
				CLANG_WARN_BOOL_CONVERSION = YES;
				CLANG_WARN_COMMA = YES;
				CLANG_WARN_CONSTANT_CONVERSION = YES;
				CLANG_WARN_DEPRECATED_OBJC_IMPLEMENTATIONS = YES;
				CLANG_WARN_DIRECT_OBJC_ISA_USAGE = YES_ERROR;
				CLANG_WARN_DOCUMENTATION_COMMENTS = YES;
				CLANG_WARN_EMPTY_BODY = YES;
				CLANG_WARN_ENUM_CONVERSION = YES;
				CLANG_WARN_INFINITE_RECURSION = YES;
				CLANG_WARN_INT_CONVERSION = YES;
				CLANG_WARN_NON_LITERAL_NULL_CONVERSION = YES;
				CLANG_WARN_OBJC_IMPLICIT_RETAIN_SELF = YES;
				CLANG_WARN_OBJC_LITERAL_CONVERSION = YES;
				CLANG_WARN_OBJC_ROOT_CLASS = YES_ERROR;
				CLANG_WARN_QUOTED_INCLUDE_IN_FRAMEWORK_HEADER = YES;
				CLANG_WARN_RANGE_LOOP_ANALYSIS = YES;
				CLANG_WARN_STRICT_PROTOTYPES = YES;
				CLANG_WARN_SUSPICIOUS_MOVE = YES;
				CLANG_WARN_UNGUARDED_AVAILABILITY = YES_AGGRESSIVE;
				CLANG_WARN_UNREACHABLE_CODE = YES;
				CLANG_WARN__DUPLICATE_METHOD_MATCH = YES;
				COPY_PHASE_STRIP = NO;
				DEBUG_INFORMATION_FORMAT = "dwarf-with-dsym";
				ENABLE_NS_ASSERTIONS = NO;
				ENABLE_STRICT_OBJC_MSGSEND = YES;
				ENABLE_USER_SCRIPT_SANDBOXING = YES;
				GCC_C_LANGUAGE_STANDARD = gnu17;
				GCC_NO_COMMON_BLOCKS = YES;
				GCC_WARN_64_TO_32_BIT_CONVERSION = YES;
				GCC_WARN_ABOUT_RETURN_TYPE = YES_ERROR;
				GCC_WARN_UNDECLARED_SELECTOR = YES;
				GCC_WARN_UNINITIALIZED_AUTOS = YES_AGGRESSIVE;
				GCC_WARN_UNUSED_FUNCTION = YES;
				GCC_WARN_UNUSED_VARIABLE = YES;
				IPHONEOS_DEPLOYMENT_TARGET = 17.2;
				LOCALIZATION_PREFERS_STRING_CATALOGS = YES;
				MTL_ENABLE_DEBUG_INFO = NO;
				MTL_FAST_MATH = YES;
				SDKROOT = iphoneos;
				SWIFT_COMPILATION_MODE = wholemodule;
				VALIDATE_PRODUCT = YES;
			};
			name = Release;
		};
		6562401B2B6010400021F12E /* Debug */ = {
			isa = XCBuildConfiguration;
			buildSettings = {
				ASSETCATALOG_COMPILER_APPICON_NAME = AppIcon;
				ASSETCATALOG_COMPILER_GLOBAL_ACCENT_COLOR_NAME = AccentColor;
				CODE_SIGN_STYLE = Automatic;
				CURRENT_PROJECT_VERSION = 1;
				GENERATE_INFOPLIST_FILE = YES;
				INFOPLIST_FILE = CoinsApp/Info.plist;
				INFOPLIST_KEY_UIApplicationSupportsIndirectInputEvents = YES;
				INFOPLIST_KEY_UILaunchStoryboardName = LaunchScreen;
				INFOPLIST_KEY_UISupportedInterfaceOrientations = UIInterfaceOrientationPortrait;
				INFOPLIST_KEY_UISupportedInterfaceOrientations_iPad = "UIInterfaceOrientationLandscapeLeft UIInterfaceOrientationLandscapeRight UIInterfaceOrientationPortrait UIInterfaceOrientationPortraitUpsideDown";
				LD_RUNPATH_SEARCH_PATHS = (
					"$(inherited)",
					"@executable_path/Frameworks",
				);
				MARKETING_VERSION = 1.0;
				PRODUCT_BUNDLE_IDENTIFIER = milastr.CoinsApp;
				PRODUCT_NAME = "$(TARGET_NAME)";
				SUPPORTED_PLATFORMS = "iphoneos iphonesimulator";
				SUPPORTS_MACCATALYST = NO;
				SUPPORTS_MAC_DESIGNED_FOR_IPHONE_IPAD = NO;
				SUPPORTS_XR_DESIGNED_FOR_IPHONE_IPAD = NO;
				SWIFT_EMIT_LOC_STRINGS = YES;
				SWIFT_VERSION = 5.0;
				TARGETED_DEVICE_FAMILY = 1;
			};
			name = Debug;
		};
		6562401C2B6010400021F12E /* Release */ = {
			isa = XCBuildConfiguration;
			buildSettings = {
				ASSETCATALOG_COMPILER_APPICON_NAME = AppIcon;
				ASSETCATALOG_COMPILER_GLOBAL_ACCENT_COLOR_NAME = AccentColor;
				CODE_SIGN_STYLE = Automatic;
				CURRENT_PROJECT_VERSION = 1;
				GENERATE_INFOPLIST_FILE = YES;
				INFOPLIST_FILE = CoinsApp/Info.plist;
				INFOPLIST_KEY_UIApplicationSupportsIndirectInputEvents = YES;
				INFOPLIST_KEY_UILaunchStoryboardName = LaunchScreen;
				INFOPLIST_KEY_UISupportedInterfaceOrientations = UIInterfaceOrientationPortrait;
				INFOPLIST_KEY_UISupportedInterfaceOrientations_iPad = "UIInterfaceOrientationLandscapeLeft UIInterfaceOrientationLandscapeRight UIInterfaceOrientationPortrait UIInterfaceOrientationPortraitUpsideDown";
				LD_RUNPATH_SEARCH_PATHS = (
					"$(inherited)",
					"@executable_path/Frameworks",
				);
				MARKETING_VERSION = 1.0;
				PRODUCT_BUNDLE_IDENTIFIER = milastr.CoinsApp;
				PRODUCT_NAME = "$(TARGET_NAME)";
				SUPPORTED_PLATFORMS = "iphoneos iphonesimulator";
				SUPPORTS_MACCATALYST = NO;
				SUPPORTS_MAC_DESIGNED_FOR_IPHONE_IPAD = NO;
				SUPPORTS_XR_DESIGNED_FOR_IPHONE_IPAD = NO;
				SWIFT_EMIT_LOC_STRINGS = YES;
				SWIFT_VERSION = 5.0;
				TARGETED_DEVICE_FAMILY = 1;
			};
			name = Release;
		};
/* End XCBuildConfiguration section */

/* Begin XCConfigurationList section */
		656240012B60103F0021F12E /* Build configuration list for PBXProject "CoinsApp" */ = {
			isa = XCConfigurationList;
			buildConfigurations = (
				656240182B6010400021F12E /* Debug */,
				656240192B6010400021F12E /* Release */,
			);
			defaultConfigurationIsVisible = 0;
			defaultConfigurationName = Release;
		};
		6562401A2B6010400021F12E /* Build configuration list for PBXNativeTarget "CoinsApp" */ = {
			isa = XCConfigurationList;
			buildConfigurations = (
				6562401B2B6010400021F12E /* Debug */,
				6562401C2B6010400021F12E /* Release */,
			);
			defaultConfigurationIsVisible = 0;
			defaultConfigurationName = Release;
		};
/* End XCConfigurationList section */
	};
	rootObject = 65623FFE2B60103F0021F12E /* Project object */;
}
